// !$*UTF8*$!
{
	archiveVersion = 1;
	classes = {
	};
	objectVersion = 46;
	objects = {

/* Begin PBXBuildFile section */
		901BD3BCA97EC94241B6C915 /* Pods_PairUp.framework in Frameworks */ = {isa = PBXBuildFile; fileRef = E295EBBD70657D3018731C02 /* Pods_PairUp.framework */; };
		D3C0A4CC2041CA4800F67B38 /* Pairup.xcworkspace in Resources */ = {isa = PBXBuildFile; fileRef = D3C0A4CB2041CA4800F67B38 /* Pairup.xcworkspace */; };
		D3C0A4CE2042F5C100F67B38 /* TimerHomeController.swift in Sources */ = {isa = PBXBuildFile; fileRef = D3C0A4CD2042F5C100F67B38 /* TimerHomeController.swift */; };
		D3C0A4D02042F7CE00F67B38 /* TimerViewController.swift in Sources */ = {isa = PBXBuildFile; fileRef = D3C0A4CF2042F7CE00F67B38 /* TimerViewController.swift */; };
		D3C0A4D220436BAA00F67B38 /* MobberCell.swift in Sources */ = {isa = PBXBuildFile; fileRef = D3C0A4D120436BAA00F67B38 /* MobberCell.swift */; };
		D3C0A4D72044D28F00F67B38 /* RotateViewController.swift in Sources */ = {isa = PBXBuildFile; fileRef = D3C0A4D62044D28F00F67B38 /* RotateViewController.swift */; };
		D3C0A4DD20460BEA00F67B38 /* add.png in Resources */ = {isa = PBXBuildFile; fileRef = D3C0A4DC20460BEA00F67B38 /* add.png */; };
		D3DC88602041BC7800A54256 /* GoogleService-Info.plist in Resources */ = {isa = PBXBuildFile; fileRef = D3DC885F2041BC7800A54256 /* GoogleService-Info.plist */; };
		F4443AE01DF2DFDA00800C92 /* AppDelegate.swift in Sources */ = {isa = PBXBuildFile; fileRef = F4443ADF1DF2DFDA00800C92 /* AppDelegate.swift */; };
		F4443AE51DF2DFDA00800C92 /* Main.storyboard in Resources */ = {isa = PBXBuildFile; fileRef = F4443AE31DF2DFDA00800C92 /* Main.storyboard */; };
		F4443AE71DF2DFDA00800C92 /* Assets.xcassets in Resources */ = {isa = PBXBuildFile; fileRef = F4443AE61DF2DFDA00800C92 /* Assets.xcassets */; };
		F4443AF51DF2E34F00800C92 /* SignUpViewController.swift in Sources */ = {isa = PBXBuildFile; fileRef = F4443AF11DF2E34F00800C92 /* SignUpViewController.swift */; };
		F4443AF61DF2E34F00800C92 /* HomeViewController.swift in Sources */ = {isa = PBXBuildFile; fileRef = F4443AF21DF2E34F00800C92 /* HomeViewController.swift */; };
		F4443AF71DF2E34F00800C92 /* LoginViewController.swift in Sources */ = {isa = PBXBuildFile; fileRef = F4443AF31DF2E34F00800C92 /* LoginViewController.swift */; };
		F4443AF81DF2E34F00800C92 /* ResetPasswordViewController.swift in Sources */ = {isa = PBXBuildFile; fileRef = F4443AF41DF2E34F00800C92 /* ResetPasswordViewController.swift */; };
/* End PBXBuildFile section */

/* Begin PBXFileReference section */
		0D0C5D21355815CF7CBB0B70 /* Pods-PairUp.debug.xcconfig */ = {isa = PBXFileReference; includeInIndex = 1; lastKnownFileType = text.xcconfig; name = "Pods-PairUp.debug.xcconfig"; path = "Pods/Target Support Files/Pods-PairUp/Pods-PairUp.debug.xcconfig"; sourceTree = "<group>"; };
		D3C0A4CB2041CA4800F67B38 /* Pairup.xcworkspace */ = {isa = PBXFileReference; lastKnownFileType = wrapper.workspace; path = Pairup.xcworkspace; sourceTree = SOURCE_ROOT; };
		D3C0A4CD2042F5C100F67B38 /* TimerHomeController.swift */ = {isa = PBXFileReference; fileEncoding = 4; lastKnownFileType = sourcecode.swift; path = TimerHomeController.swift; sourceTree = "<group>"; };
		D3C0A4CF2042F7CE00F67B38 /* TimerViewController.swift */ = {isa = PBXFileReference; fileEncoding = 4; lastKnownFileType = sourcecode.swift; path = TimerViewController.swift; sourceTree = "<group>"; };
		D3C0A4D120436BAA00F67B38 /* MobberCell.swift */ = {isa = PBXFileReference; fileEncoding = 4; lastKnownFileType = sourcecode.swift; path = MobberCell.swift; sourceTree = "<group>"; };
		D3C0A4D62044D28F00F67B38 /* RotateViewController.swift */ = {isa = PBXFileReference; fileEncoding = 4; lastKnownFileType = sourcecode.swift; path = RotateViewController.swift; sourceTree = "<group>"; };
		D3C0A4DC20460BEA00F67B38 /* add.png */ = {isa = PBXFileReference; lastKnownFileType = image.png; name = add.png; path = ../../../Downloads/add.png; sourceTree = "<group>"; };
		D3DC885F2041BC7800A54256 /* GoogleService-Info.plist */ = {isa = PBXFileReference; fileEncoding = 4; lastKnownFileType = text.plist.xml; path = "GoogleService-Info.plist"; sourceTree = "<group>"; };
		E295EBBD70657D3018731C02 /* Pods_PairUp.framework */ = {isa = PBXFileReference; explicitFileType = wrapper.framework; includeInIndex = 0; path = Pods_PairUp.framework; sourceTree = BUILT_PRODUCTS_DIR; };
		E90C5A1089D0D57D97A13F8B /* Pods-PairUp.release.xcconfig */ = {isa = PBXFileReference; includeInIndex = 1; lastKnownFileType = text.xcconfig; name = "Pods-PairUp.release.xcconfig"; path = "Pods/Target Support Files/Pods-PairUp/Pods-PairUp.release.xcconfig"; sourceTree = "<group>"; };
		F4443ADC1DF2DFDA00800C92 /* PairUp.app */ = {isa = PBXFileReference; explicitFileType = wrapper.application; includeInIndex = 0; path = PairUp.app; sourceTree = BUILT_PRODUCTS_DIR; };
		F4443ADF1DF2DFDA00800C92 /* AppDelegate.swift */ = {isa = PBXFileReference; lastKnownFileType = sourcecode.swift; path = AppDelegate.swift; sourceTree = "<group>"; };
		F4443AE41DF2DFDA00800C92 /* Base */ = {isa = PBXFileReference; lastKnownFileType = file.storyboard; name = Base; path = Base.lproj/Main.storyboard; sourceTree = "<group>"; };
		F4443AE61DF2DFDA00800C92 /* Assets.xcassets */ = {isa = PBXFileReference; lastKnownFileType = folder.assetcatalog; path = Assets.xcassets; sourceTree = "<group>"; };
		F4443AEB1DF2DFDA00800C92 /* Info.plist */ = {isa = PBXFileReference; lastKnownFileType = text.plist.xml; path = Info.plist; sourceTree = "<group>"; };
		F4443AF11DF2E34F00800C92 /* SignUpViewController.swift */ = {isa = PBXFileReference; fileEncoding = 4; lastKnownFileType = sourcecode.swift; path = SignUpViewController.swift; sourceTree = "<group>"; };
		F4443AF21DF2E34F00800C92 /* HomeViewController.swift */ = {isa = PBXFileReference; fileEncoding = 4; lastKnownFileType = sourcecode.swift; path = HomeViewController.swift; sourceTree = "<group>"; };
		F4443AF31DF2E34F00800C92 /* LoginViewController.swift */ = {isa = PBXFileReference; fileEncoding = 4; lastKnownFileType = sourcecode.swift; path = LoginViewController.swift; sourceTree = "<group>"; };
		F4443AF41DF2E34F00800C92 /* ResetPasswordViewController.swift */ = {isa = PBXFileReference; fileEncoding = 4; lastKnownFileType = sourcecode.swift; path = ResetPasswordViewController.swift; sourceTree = "<group>"; };
/* End PBXFileReference section */

/* Begin PBXFrameworksBuildPhase section */
		F4443AD91DF2DFDA00800C92 /* Frameworks */ = {
			isa = PBXFrameworksBuildPhase;
			buildActionMask = 2147483647;
			files = (
				901BD3BCA97EC94241B6C915 /* Pods_PairUp.framework in Frameworks */,
			);
			runOnlyForDeploymentPostprocessing = 0;
		};
/* End PBXFrameworksBuildPhase section */

/* Begin PBXGroup section */
		23403EF5C0190ED248306B6B /* Frameworks */ = {
			isa = PBXGroup;
			children = (
				E295EBBD70657D3018731C02 /* Pods_PairUp.framework */,
			);
			name = Frameworks;
			sourceTree = "<group>";
		};
		A0FE84BD354D2394D7F50A1E /* Pods */ = {
			isa = PBXGroup;
			children = (
				0D0C5D21355815CF7CBB0B70 /* Pods-PairUp.debug.xcconfig */,
				E90C5A1089D0D57D97A13F8B /* Pods-PairUp.release.xcconfig */,
			);
			name = Pods;
			sourceTree = "<group>";
		};
		D3C0A4D52044D26700F67B38 /* controllers */ = {
			isa = PBXGroup;
			children = (
				D3C0A4CD2042F5C100F67B38 /* TimerHomeController.swift */,
				D3C0A4CF2042F7CE00F67B38 /* TimerViewController.swift */,
				D3C0A4D62044D28F00F67B38 /* RotateViewController.swift */,
			);
			name = controllers;
			sourceTree = "<group>";
		};
		D3C0A4DA2045CB7600F67B38 /* images */ = {
			isa = PBXGroup;
			children = (
				D3C0A4DC20460BEA00F67B38 /* add.png */,
			);
			name = images;
			sourceTree = "<group>";
		};
		D3C0A4DB2045CC0500F67B38 /* utils */ = {
			isa = PBXGroup;
			children = (
			);
			name = utils;
			sourceTree = "<group>";
		};
		F4443AD31DF2DFDA00800C92 = {
			isa = PBXGroup;
			children = (
				F4443ADE1DF2DFDA00800C92 /* Pairup */,
				F4443ADD1DF2DFDA00800C92 /* Products */,
				A0FE84BD354D2394D7F50A1E /* Pods */,
				23403EF5C0190ED248306B6B /* Frameworks */,
			);
			sourceTree = "<group>";
		};
		F4443ADD1DF2DFDA00800C92 /* Products */ = {
			isa = PBXGroup;
			children = (
				F4443ADC1DF2DFDA00800C92 /* PairUp.app */,
			);
			name = Products;
			sourceTree = "<group>";
		};
		F4443ADE1DF2DFDA00800C92 /* Pairup */ = {
			isa = PBXGroup;
			children = (
				D3C0A4DB2045CC0500F67B38 /* utils */,
				D3C0A4DA2045CB7600F67B38 /* images */,
				D3C0A4D52044D26700F67B38 /* controllers */,
				D3C0A4CB2041CA4800F67B38 /* Pairup.xcworkspace */,
				D3DC885F2041BC7800A54256 /* GoogleService-Info.plist */,
				F4443AF11DF2E34F00800C92 /* SignUpViewController.swift */,
				F4443AF21DF2E34F00800C92 /* HomeViewController.swift */,
				F4443AF31DF2E34F00800C92 /* LoginViewController.swift */,
				F4443AF41DF2E34F00800C92 /* ResetPasswordViewController.swift */,
				F4443ADF1DF2DFDA00800C92 /* AppDelegate.swift */,
				F4443AE31DF2DFDA00800C92 /* Main.storyboard */,
				D3C0A4D120436BAA00F67B38 /* MobberCell.swift */,
				F4443AE61DF2DFDA00800C92 /* Assets.xcassets */,
				F4443AEB1DF2DFDA00800C92 /* Info.plist */,
			);
			name = Pairup;
			path = FirebaseTutorial;
			sourceTree = "<group>";
		};
/* End PBXGroup section */

/* Begin PBXNativeTarget section */
		F4443ADB1DF2DFDA00800C92 /* PairUp */ = {
			isa = PBXNativeTarget;
			buildConfigurationList = F4443AEE1DF2DFDA00800C92 /* Build configuration list for PBXNativeTarget "PairUp" */;
			buildPhases = (
				29D14705F27D911037796316 /* [CP] Check Pods Manifest.lock */,
				F4443AD81DF2DFDA00800C92 /* Sources */,
				F4443AD91DF2DFDA00800C92 /* Frameworks */,
				F4443ADA1DF2DFDA00800C92 /* Resources */,
				EF5091F011391119A9933DBF /* [CP] Embed Pods Frameworks */,
				B7BD348045A2221AEDDCA30F /* [CP] Copy Pods Resources */,
			);
			buildRules = (
			);
			dependencies = (
			);
			name = PairUp;
			productName = FirebaseTutorial;
			productReference = F4443ADC1DF2DFDA00800C92 /* PairUp.app */;
			productType = "com.apple.product-type.application";
		};
/* End PBXNativeTarget section */

/* Begin PBXProject section */
		F4443AD41DF2DFDA00800C92 /* Project object */ = {
			isa = PBXProject;
			attributes = {
				LastSwiftUpdateCheck = 0810;
				LastUpgradeCheck = 0830;
				ORGANIZATIONNAME = AppCoda;
				TargetAttributes = {
					F4443ADB1DF2DFDA00800C92 = {
						CreatedOnToolsVersion = 8.1;
						DevelopmentTeam = LPBW95AP6N;
						ProvisioningStyle = Automatic;
					};
				};
			};
			buildConfigurationList = F4443AD71DF2DFDA00800C92 /* Build configuration list for PBXProject "Pairup" */;
			compatibilityVersion = "Xcode 3.2";
			developmentRegion = English;
			hasScannedForEncodings = 0;
			knownRegions = (
				en,
				Base,
			);
			mainGroup = F4443AD31DF2DFDA00800C92;
			productRefGroup = F4443ADD1DF2DFDA00800C92 /* Products */;
			projectDirPath = "";
			projectRoot = "";
			targets = (
				F4443ADB1DF2DFDA00800C92 /* PairUp */,
			);
		};
/* End PBXProject section */

/* Begin PBXResourcesBuildPhase section */
		F4443ADA1DF2DFDA00800C92 /* Resources */ = {
			isa = PBXResourcesBuildPhase;
			buildActionMask = 2147483647;
			files = (
				D3DC88602041BC7800A54256 /* GoogleService-Info.plist in Resources */,
				F4443AE71DF2DFDA00800C92 /* Assets.xcassets in Resources */,
				F4443AE51DF2DFDA00800C92 /* Main.storyboard in Resources */,
				D3C0A4DD20460BEA00F67B38 /* add.png in Resources */,
				D3C0A4CC2041CA4800F67B38 /* Pairup.xcworkspace in Resources */,
			);
			runOnlyForDeploymentPostprocessing = 0;
		};
/* End PBXResourcesBuildPhase section */

/* Begin PBXShellScriptBuildPhase section */
		29D14705F27D911037796316 /* [CP] Check Pods Manifest.lock */ = {
			isa = PBXShellScriptBuildPhase;
			buildActionMask = 2147483647;
			files = (
			);
			inputPaths = (
				"${PODS_PODFILE_DIR_PATH}/Podfile.lock",
				"${PODS_ROOT}/Manifest.lock",
			);
			name = "[CP] Check Pods Manifest.lock";
			outputPaths = (
				"$(DERIVED_FILE_DIR)/Pods-PairUp-checkManifestLockResult.txt",
			);
			runOnlyForDeploymentPostprocessing = 0;
			shellPath = /bin/sh;
			shellScript = "diff \"${PODS_PODFILE_DIR_PATH}/Podfile.lock\" \"${PODS_ROOT}/Manifest.lock\" > /dev/null\nif [ $? != 0 ] ; then\n    # print error to STDERR\n    echo \"error: The sandbox is not in sync with the Podfile.lock. Run 'pod install' or update your CocoaPods installation.\" >&2\n    exit 1\nfi\n# This output is used by Xcode 'outputs' to avoid re-running this script phase.\necho \"SUCCESS\" > \"${SCRIPT_OUTPUT_FILE_0}\"\n";
			showEnvVarsInLog = 0;
		};
		B7BD348045A2221AEDDCA30F /* [CP] Copy Pods Resources */ = {
			isa = PBXShellScriptBuildPhase;
			buildActionMask = 2147483647;
			files = (
			);
			inputPaths = (
			);
			name = "[CP] Copy Pods Resources";
			outputPaths = (
			);
			runOnlyForDeploymentPostprocessing = 0;
			shellPath = /bin/sh;
			shellScript = "\"${SRCROOT}/Pods/Target Support Files/Pods-PairUp/Pods-PairUp-resources.sh\"\n";
			showEnvVarsInLog = 0;
		};
		EF5091F011391119A9933DBF /* [CP] Embed Pods Frameworks */ = {
			isa = PBXShellScriptBuildPhase;
			buildActionMask = 2147483647;
			files = (
			);
			inputPaths = (
				"${SRCROOT}/Pods/Target Support Files/Pods-PairUp/Pods-PairUp-frameworks.sh",
				"${BUILT_PRODUCTS_DIR}/GTMSessionFetcher/GTMSessionFetcher.framework",
				"${BUILT_PRODUCTS_DIR}/GoogleToolboxForMac/GoogleToolboxForMac.framework",
				"${BUILT_PRODUCTS_DIR}/MDFInternationalization/MDFInternationalization.framework",
				"${BUILT_PRODUCTS_DIR}/MDFTextAccessibility/MDFTextAccessibility.framework",
				"${BUILT_PRODUCTS_DIR}/MaterialComponents/MaterialComponents.framework",
				"${BUILT_PRODUCTS_DIR}/nanopb/nanopb.framework",
			);
			name = "[CP] Embed Pods Frameworks";
			outputPaths = (
				"${TARGET_BUILD_DIR}/${FRAMEWORKS_FOLDER_PATH}/GTMSessionFetcher.framework",
				"${TARGET_BUILD_DIR}/${FRAMEWORKS_FOLDER_PATH}/GoogleToolboxForMac.framework",
				"${TARGET_BUILD_DIR}/${FRAMEWORKS_FOLDER_PATH}/MDFInternationalization.framework",
				"${TARGET_BUILD_DIR}/${FRAMEWORKS_FOLDER_PATH}/MDFTextAccessibility.framework",
				"${TARGET_BUILD_DIR}/${FRAMEWORKS_FOLDER_PATH}/MaterialComponents.framework",
				"${TARGET_BUILD_DIR}/${FRAMEWORKS_FOLDER_PATH}/nanopb.framework",
			);
			runOnlyForDeploymentPostprocessing = 0;
			shellPath = /bin/sh;
			shellScript = "\"${SRCROOT}/Pods/Target Support Files/Pods-PairUp/Pods-PairUp-frameworks.sh\"\n";
			showEnvVarsInLog = 0;
		};
/* End PBXShellScriptBuildPhase section */

/* Begin PBXSourcesBuildPhase section */
		F4443AD81DF2DFDA00800C92 /* Sources */ = {
			isa = PBXSourcesBuildPhase;
			buildActionMask = 2147483647;
			files = (
				F4443AF71DF2E34F00800C92 /* LoginViewController.swift in Sources */,
				D3C0A4D72044D28F00F67B38 /* RotateViewController.swift in Sources */,
				F4443AF51DF2E34F00800C92 /* SignUpViewController.swift in Sources */,
				D3C0A4D220436BAA00F67B38 /* MobberCell.swift in Sources */,
				F4443AF81DF2E34F00800C92 /* ResetPasswordViewController.swift in Sources */,
				D3C0A4D02042F7CE00F67B38 /* TimerViewController.swift in Sources */,
				F4443AE01DF2DFDA00800C92 /* AppDelegate.swift in Sources */,
				D3C0A4CE2042F5C100F67B38 /* TimerHomeController.swift in Sources */,
				F4443AF61DF2E34F00800C92 /* HomeViewController.swift in Sources */,
			);
			runOnlyForDeploymentPostprocessing = 0;
		};
/* End PBXSourcesBuildPhase section */

/* Begin PBXVariantGroup section */
		F4443AE31DF2DFDA00800C92 /* Main.storyboard */ = {
			isa = PBXVariantGroup;
			children = (
				F4443AE41DF2DFDA00800C92 /* Base */,
			);
			name = Main.storyboard;
			sourceTree = "<group>";
		};
/* End PBXVariantGroup section */

/* Begin XCBuildConfiguration section */
		F4443AEC1DF2DFDA00800C92 /* Debug */ = {
			isa = XCBuildConfiguration;
			buildSettings = {
				ALWAYS_SEARCH_USER_PATHS = NO;
				CLANG_ANALYZER_NONNULL = YES;
				CLANG_CXX_LANGUAGE_STANDARD = "gnu++0x";
				CLANG_CXX_LIBRARY = "libc++";
				CLANG_ENABLE_MODULES = YES;
				CLANG_ENABLE_OBJC_ARC = YES;
				CLANG_WARN_BOOL_CONVERSION = YES;
				CLANG_WARN_CONSTANT_CONVERSION = YES;
				CLANG_WARN_DIRECT_OBJC_ISA_USAGE = YES_ERROR;
				CLANG_WARN_DOCUMENTATION_COMMENTS = YES;
				CLANG_WARN_EMPTY_BODY = YES;
				CLANG_WARN_ENUM_CONVERSION = YES;
				CLANG_WARN_INFINITE_RECURSION = YES;
				CLANG_WARN_INT_CONVERSION = YES;
				CLANG_WARN_OBJC_ROOT_CLASS = YES_ERROR;
				CLANG_WARN_SUSPICIOUS_MOVE = YES;
				CLANG_WARN_SUSPICIOUS_MOVES = YES;
				CLANG_WARN_UNREACHABLE_CODE = YES;
				CLANG_WARN__DUPLICATE_METHOD_MATCH = YES;
				"CODE_SIGN_IDENTITY[sdk=iphoneos*]" = "iPhone Developer";
				COPY_PHASE_STRIP = NO;
				DEBUG_INFORMATION_FORMAT = dwarf;
				ENABLE_STRICT_OBJC_MSGSEND = YES;
				ENABLE_TESTABILITY = YES;
				GCC_C_LANGUAGE_STANDARD = gnu99;
				GCC_DYNAMIC_NO_PIC = NO;
				GCC_NO_COMMON_BLOCKS = YES;
				GCC_OPTIMIZATION_LEVEL = 0;
				GCC_PREPROCESSOR_DEFINITIONS = (
					"DEBUG=1",
					"$(inherited)",
				);
				GCC_WARN_64_TO_32_BIT_CONVERSION = YES;
				GCC_WARN_ABOUT_RETURN_TYPE = YES_ERROR;
				GCC_WARN_UNDECLARED_SELECTOR = YES;
				GCC_WARN_UNINITIALIZED_AUTOS = YES_AGGRESSIVE;
				GCC_WARN_UNUSED_FUNCTION = YES;
				GCC_WARN_UNUSED_VARIABLE = YES;
				IPHONEOS_DEPLOYMENT_TARGET = 10.3;
				MTL_ENABLE_DEBUG_INFO = YES;
				ONLY_ACTIVE_ARCH = YES;
				SDKROOT = iphoneos;
				SWIFT_ACTIVE_COMPILATION_CONDITIONS = DEBUG;
				SWIFT_OPTIMIZATION_LEVEL = "-Onone";
			};
			name = Debug;
		};
		F4443AED1DF2DFDA00800C92 /* Release */ = {
			isa = XCBuildConfiguration;
			buildSettings = {
				ALWAYS_SEARCH_USER_PATHS = NO;
				CLANG_ANALYZER_NONNULL = YES;
				CLANG_CXX_LANGUAGE_STANDARD = "gnu++0x";
				CLANG_CXX_LIBRARY = "libc++";
				CLANG_ENABLE_MODULES = YES;
				CLANG_ENABLE_OBJC_ARC = YES;
				CLANG_WARN_BOOL_CONVERSION = YES;
				CLANG_WARN_CONSTANT_CONVERSION = YES;
				CLANG_WARN_DIRECT_OBJC_ISA_USAGE = YES_ERROR;
				CLANG_WARN_DOCUMENTATION_COMMENTS = YES;
				CLANG_WARN_EMPTY_BODY = YES;
				CLANG_WARN_ENUM_CONVERSION = YES;
				CLANG_WARN_INFINITE_RECURSION = YES;
				CLANG_WARN_INT_CONVERSION = YES;
				CLANG_WARN_OBJC_ROOT_CLASS = YES_ERROR;
				CLANG_WARN_SUSPICIOUS_MOVE = YES;
				CLANG_WARN_SUSPICIOUS_MOVES = YES;
				CLANG_WARN_UNREACHABLE_CODE = YES;
				CLANG_WARN__DUPLICATE_METHOD_MATCH = YES;
				"CODE_SIGN_IDENTITY[sdk=iphoneos*]" = "iPhone Developer";
				COPY_PHASE_STRIP = NO;
				DEBUG_INFORMATION_FORMAT = "dwarf-with-dsym";
				ENABLE_NS_ASSERTIONS = NO;
				ENABLE_STRICT_OBJC_MSGSEND = YES;
				GCC_C_LANGUAGE_STANDARD = gnu99;
				GCC_NO_COMMON_BLOCKS = YES;
				GCC_WARN_64_TO_32_BIT_CONVERSION = YES;
				GCC_WARN_ABOUT_RETURN_TYPE = YES_ERROR;
				GCC_WARN_UNDECLARED_SELECTOR = YES;
				GCC_WARN_UNINITIALIZED_AUTOS = YES_AGGRESSIVE;
				GCC_WARN_UNUSED_FUNCTION = YES;
				GCC_WARN_UNUSED_VARIABLE = YES;
				IPHONEOS_DEPLOYMENT_TARGET = 10.3;
				MTL_ENABLE_DEBUG_INFO = NO;
				SDKROOT = iphoneos;
				SWIFT_OPTIMIZATION_LEVEL = "-Owholemodule";
				VALIDATE_PRODUCT = YES;
			};
			name = Release;
		};
		F4443AEF1DF2DFDA00800C92 /* Debug */ = {
			isa = XCBuildConfiguration;
			baseConfigurationReference = 0D0C5D21355815CF7CBB0B70 /* Pods-PairUp.debug.xcconfig */;
			buildSettings = {
				DEVELOPMENT_TEAM = LPBW95AP6N;
				INFOPLIST_FILE = FirebaseTutorial/Info.plist;
				IPHONEOS_DEPLOYMENT_TARGET = 10.3;
				LD_RUNPATH_SEARCH_PATHS = "$(inherited) @executable_path/Frameworks";
				PRODUCT_BUNDLE_IDENTIFIER = com.paisa.pairup;
				PRODUCT_NAME = "$(TARGET_NAME)";
				SWIFT_VERSION = 3.0;
			};
			name = Debug;
		};
		F4443AF01DF2DFDA00800C92 /* Release */ = {
			isa = XCBuildConfiguration;
			baseConfigurationReference = E90C5A1089D0D57D97A13F8B /* Pods-PairUp.release.xcconfig */;
			buildSettings = {
				DEVELOPMENT_TEAM = LPBW95AP6N;
				INFOPLIST_FILE = FirebaseTutorial/Info.plist;
				IPHONEOS_DEPLOYMENT_TARGET = 10.3;
				LD_RUNPATH_SEARCH_PATHS = "$(inherited) @executable_path/Frameworks";
				PRODUCT_BUNDLE_IDENTIFIER = com.paisa.pairup;
				PRODUCT_NAME = "$(TARGET_NAME)";
				SWIFT_VERSION = 3.0;
			};
			name = Release;
		};
/* End XCBuildConfiguration section */

/* Begin XCConfigurationList section */
		F4443AD71DF2DFDA00800C92 /* Build configuration list for PBXProject "Pairup" */ = {
			isa = XCConfigurationList;
			buildConfigurations = (
				F4443AEC1DF2DFDA00800C92 /* Debug */,
				F4443AED1DF2DFDA00800C92 /* Release */,
			);
			defaultConfigurationIsVisible = 0;
			defaultConfigurationName = Release;
		};
		F4443AEE1DF2DFDA00800C92 /* Build configuration list for PBXNativeTarget "PairUp" */ = {
			isa = XCConfigurationList;
			buildConfigurations = (
				F4443AEF1DF2DFDA00800C92 /* Debug */,
				F4443AF01DF2DFDA00800C92 /* Release */,
			);
			defaultConfigurationIsVisible = 0;
			defaultConfigurationName = Release;
		};
/* End XCConfigurationList section */
	};
	rootObject = F4443AD41DF2DFDA00800C92 /* Project object */;
}
